
Microsoft Visual Studio Solution File, Format Version 12.00
# Visual Studio 14
VisualStudioVersion = 14.0.23107.0
MinimumVisualStudioVersion = 10.0.40219.1
Project("{FAE04EC0-301F-11D3-BF4B-00C04F79EFBC}") = "SHA256 Verify", "SHA256 Verify\SHA256 Verify.csproj", "{2A7E590B-670D-4408-90B7-E29F2354E35E}"
EndProject
Global
	GlobalSection(SolutionConfigurationPlatforms) = preSolution
		Debug|Any CPU = Debug|Any CPU
		Release|Any CPU = Release|Any CPU
	EndGlobalSection
	GlobalSection(ProjectConfigurationPlatforms) = postSolution
		{2A7E590B-670D-4408-90B7-E29F2354E35E}.Debug|Any CPU.ActiveCfg = Debug|Any CPU
		{2A7E590B-670D-4408-90B7-E29F2354E35E}.Debug|Any CPU.Build.0 = Debug|Any CPU
		{2A7E590B-670D-4408-90B7-E29F2354E35E}.Release|Any CPU.ActiveCfg = Release|Any CPU
		{2A7E590B-670D-4408-90B7-E29F2354E35E}.Release|Any CPU.Build.0 = Release|Any CPU
	EndGlobalSection
	GlobalSection(SolutionProperties) = preSolution
		HideSolutionNode = FALSE
	EndGlobalSection
EndGlobal
